{
  "name": "helloWorld",
  "version": "1.0.0",
  "lockfileVersion": 1,
  "requires": true,
  "dependencies": {
    "@types/pixi.js": {
      "version": "4.7.5",
      "resolved": "https://registry.npmjs.org/@types/pixi.js/-/pixi.js-4.7.5.tgz",
      "integrity": "sha512-oV1Orig+I8RHcurdae0g59t8jOtI5DNIiufA/biJJAO+jx30QCLtdS4RhPh40WlDt4g//9XE2E/1Yh7ThBbTmA=="
    },
    "typescript": {
      "version": "2.9.1",
      "resolved": "http://10.1.20.185/npm/private-npm/typescript/-/typescript-2.9.1.tgz",
      "integrity": "sha1-/bGdLGehXRGZX9FWQONz4JqwmWE=",
      "dev": true
    }
  }
}
